
Microsoft Visual Studio Solution File, Format Version 12.00
# Visual Studio Version 17
VisualStudioVersion = 17.4.33205.214
MinimumVisualStudioVersion = 10.0.40219.1
Project("{FAE04EC0-301F-11D3-BF4B-00C04F79EFBC}") = "ExpenseTracker2", "ExpenseTracker2\ExpenseTracker2.csproj", "{24EE99DE-C360-40B4-B48B-FB6BFBB0ADBF}"
EndProject
Global
	GlobalSection(SolutionConfigurationPlatforms) = preSolution
		Debug|Any CPU = Debug|Any CPU
		Release|Any CPU = Release|Any CPU
	EndGlobalSection
	GlobalSection(ProjectConfigurationPlatforms) = postSolution
		{24EE99DE-C360-40B4-B48B-FB6BFBB0ADBF}.Debug|Any CPU.ActiveCfg = Debug|Any CPU
		{24EE99DE-C360-40B4-B48B-FB6BFBB0ADBF}.Debug|Any CPU.Build.0 = Debug|Any CPU
		{24EE99DE-C360-40B4-B48B-FB6BFBB0ADBF}.Release|Any CPU.ActiveCfg = Release|Any CPU
		{24EE99DE-C360-40B4-B48B-FB6BFBB0ADBF}.Release|Any CPU.Build.0 = Release|Any CPU
	EndGlobalSection
	GlobalSection(SolutionProperties) = preSolution
		HideSolutionNode = FALSE
	EndGlobalSection
	GlobalSection(ExtensibilityGlobals) = postSolution
		SolutionGuid = {24462B95-8793-4D2F-B86E-D63CAE3C553E}
	EndGlobalSection
EndGlobal
